
Microsoft Visual Studio Solution File, Format Version 12.00
# Visual Studio Version 17
VisualStudioVersion = 17.9.34723.18
MinimumVisualStudioVersion = 10.0.40219.1
Project("{FAE04EC0-301F-11D3-BF4B-00C04F79EFBC}") = "GreatestNumber", "GreatestNumber\GreatestNumber.csproj", "{33231C00-C538-47D8-858A-452873BD5DA5}"
EndProject
Global
	GlobalSection(SolutionConfigurationPlatforms) = preSolution
		Debug|Any CPU = Debug|Any CPU
		Release|Any CPU = Release|Any CPU
	EndGlobalSection
	GlobalSection(ProjectConfigurationPlatforms) = postSolution
		{33231C00-C538-47D8-858A-452873BD5DA5}.Debug|Any CPU.ActiveCfg = Debug|Any CPU
		{33231C00-C538-47D8-858A-452873BD5DA5}.Debug|Any CPU.Build.0 = Debug|Any CPU
		{33231C00-C538-47D8-858A-452873BD5DA5}.Release|Any CPU.ActiveCfg = Release|Any CPU
		{33231C00-C538-47D8-858A-452873BD5DA5}.Release|Any CPU.Build.0 = Release|Any CPU
	EndGlobalSection
	GlobalSection(SolutionProperties) = preSolution
		HideSolutionNode = FALSE
	EndGlobalSection
	GlobalSection(ExtensibilityGlobals) = postSolution
		SolutionGuid = {8C836558-33AD-490B-8AE0-CAA562A2AFE4}
	EndGlobalSection
EndGlobal
