
Microsoft Visual Studio Solution File, Format Version 12.00
# Visual Studio Version 17
VisualStudioVersion = 17.9.34723.18
MinimumVisualStudioVersion = 10.0.40219.1
Project("{FAE04EC0-301F-11D3-BF4B-00C04F79EFBC}") = "TryMigrationConflict", "TryMigrationConflict\TryMigrationConflict.csproj", "{27731AE3-5563-45F9-8557-CE996A5B0DBC}"
EndProject
Global
	GlobalSection(SolutionConfigurationPlatforms) = preSolution
		Debug|Any CPU = Debug|Any CPU
		Release|Any CPU = Release|Any CPU
	EndGlobalSection
	GlobalSection(ProjectConfigurationPlatforms) = postSolution
		{27731AE3-5563-45F9-8557-CE996A5B0DBC}.Debug|Any CPU.ActiveCfg = Debug|Any CPU
		{27731AE3-5563-45F9-8557-CE996A5B0DBC}.Debug|Any CPU.Build.0 = Debug|Any CPU
		{27731AE3-5563-45F9-8557-CE996A5B0DBC}.Release|Any CPU.ActiveCfg = Release|Any CPU
		{27731AE3-5563-45F9-8557-CE996A5B0DBC}.Release|Any CPU.Build.0 = Release|Any CPU
	EndGlobalSection
	GlobalSection(SolutionProperties) = preSolution
		HideSolutionNode = FALSE
	EndGlobalSection
	GlobalSection(ExtensibilityGlobals) = postSolution
		SolutionGuid = {5433255E-B575-481B-A710-567623DBB2CB}
	EndGlobalSection
EndGlobal
