
Microsoft Visual Studio Solution File, Format Version 12.00
# Visual Studio Version 17
VisualStudioVersion = 17.9.34723.18
MinimumVisualStudioVersion = 10.0.40219.1
Project("{FAE04EC0-301F-11D3-BF4B-00C04F79EFBC}") = "AsynAwaitTaskLearnApplication", "AsynAwaitTaskLearnApplication\AsynAwaitTaskLearnApplication.csproj", "{DD6B4B6E-35B2-49C4-9AB8-E9FC77C24077}"
EndProject
Global
	GlobalSection(SolutionConfigurationPlatforms) = preSolution
		Debug|Any CPU = Debug|Any CPU
		Release|Any CPU = Release|Any CPU
	EndGlobalSection
	GlobalSection(ProjectConfigurationPlatforms) = postSolution
		{DD6B4B6E-35B2-49C4-9AB8-E9FC77C24077}.Debug|Any CPU.ActiveCfg = Debug|Any CPU
		{DD6B4B6E-35B2-49C4-9AB8-E9FC77C24077}.Debug|Any CPU.Build.0 = Debug|Any CPU
		{DD6B4B6E-35B2-49C4-9AB8-E9FC77C24077}.Release|Any CPU.ActiveCfg = Release|Any CPU
		{DD6B4B6E-35B2-49C4-9AB8-E9FC77C24077}.Release|Any CPU.Build.0 = Release|Any CPU
	EndGlobalSection
	GlobalSection(SolutionProperties) = preSolution
		HideSolutionNode = FALSE
	EndGlobalSection
	GlobalSection(ExtensibilityGlobals) = postSolution
		SolutionGuid = {56286985-686D-4E86-B2B3-C2F6EE607E91}
	EndGlobalSection
EndGlobal
