
Microsoft Visual Studio Solution File, Format Version 12.00
# Visual Studio Version 17
VisualStudioVersion = 17.9.34723.18
MinimumVisualStudioVersion = 10.0.40219.1
Project("{FAE04EC0-301F-11D3-BF4B-00C04F79EFBC}") = "RequestTrackerCFModals", "RequestTrackerCFModals\RequestTrackerCFModals.csproj", "{F23C4EA4-96E0-401E-837C-A55A951154CF}"
EndProject
Project("{FAE04EC0-301F-11D3-BF4B-00C04F79EFBC}") = "RequestTrackerDALibrary", "RequestTrackerDALibrary\RequestTrackerDALibrary.csproj", "{D6399D7A-4D55-4DB4-BEBC-9EDBABD551CB}"
EndProject
Project("{FAE04EC0-301F-11D3-BF4B-00C04F79EFBC}") = "RequestTrackerBLLibrary", "RequestTrackerBLLibrary\RequestTrackerBLLibrary.csproj", "{A1FA2BD2-C23D-4606-8001-331C56AF42EC}"
EndProject
Project("{FAE04EC0-301F-11D3-BF4B-00C04F79EFBC}") = "RequestTrackerApplication", "RequestTrackerApplication\RequestTrackerApplication.csproj", "{F8FD3515-B975-499E-8F7D-B0B7C72BB14C}"
EndProject
Global
	GlobalSection(SolutionConfigurationPlatforms) = preSolution
		Debug|Any CPU = Debug|Any CPU
		Release|Any CPU = Release|Any CPU
	EndGlobalSection
	GlobalSection(ProjectConfigurationPlatforms) = postSolution
		{F23C4EA4-96E0-401E-837C-A55A951154CF}.Debug|Any CPU.ActiveCfg = Debug|Any CPU
		{F23C4EA4-96E0-401E-837C-A55A951154CF}.Debug|Any CPU.Build.0 = Debug|Any CPU
		{F23C4EA4-96E0-401E-837C-A55A951154CF}.Release|Any CPU.ActiveCfg = Release|Any CPU
		{F23C4EA4-96E0-401E-837C-A55A951154CF}.Release|Any CPU.Build.0 = Release|Any CPU
		{D6399D7A-4D55-4DB4-BEBC-9EDBABD551CB}.Debug|Any CPU.ActiveCfg = Debug|Any CPU
		{D6399D7A-4D55-4DB4-BEBC-9EDBABD551CB}.Debug|Any CPU.Build.0 = Debug|Any CPU
		{D6399D7A-4D55-4DB4-BEBC-9EDBABD551CB}.Release|Any CPU.ActiveCfg = Release|Any CPU
		{D6399D7A-4D55-4DB4-BEBC-9EDBABD551CB}.Release|Any CPU.Build.0 = Release|Any CPU
		{A1FA2BD2-C23D-4606-8001-331C56AF42EC}.Debug|Any CPU.ActiveCfg = Debug|Any CPU
		{A1FA2BD2-C23D-4606-8001-331C56AF42EC}.Debug|Any CPU.Build.0 = Debug|Any CPU
		{A1FA2BD2-C23D-4606-8001-331C56AF42EC}.Release|Any CPU.ActiveCfg = Release|Any CPU
		{A1FA2BD2-C23D-4606-8001-331C56AF42EC}.Release|Any CPU.Build.0 = Release|Any CPU
		{F8FD3515-B975-499E-8F7D-B0B7C72BB14C}.Debug|Any CPU.ActiveCfg = Debug|Any CPU
		{F8FD3515-B975-499E-8F7D-B0B7C72BB14C}.Debug|Any CPU.Build.0 = Debug|Any CPU
		{F8FD3515-B975-499E-8F7D-B0B7C72BB14C}.Release|Any CPU.ActiveCfg = Release|Any CPU
		{F8FD3515-B975-499E-8F7D-B0B7C72BB14C}.Release|Any CPU.Build.0 = Release|Any CPU
	EndGlobalSection
	GlobalSection(SolutionProperties) = preSolution
		HideSolutionNode = FALSE
	EndGlobalSection
	GlobalSection(ExtensibilityGlobals) = postSolution
		SolutionGuid = {72B67FC9-1CF4-46FC-B64A-595D9DD16C5C}
	EndGlobalSection
EndGlobal
