
Microsoft Visual Studio Solution File, Format Version 12.00
# Visual Studio Version 17
VisualStudioVersion = 17.9.34723.18
MinimumVisualStudioVersion = 10.0.40219.1
Project("{FAE04EC0-301F-11D3-BF4B-00C04F79EFBC}") = "OopsApplication", "OopsApplication\OopsApplication.csproj", "{890DEB73-A065-428B-84AB-7961CFCDF410}"
EndProject
Global
	GlobalSection(SolutionConfigurationPlatforms) = preSolution
		Debug|Any CPU = Debug|Any CPU
		Release|Any CPU = Release|Any CPU
	EndGlobalSection
	GlobalSection(ProjectConfigurationPlatforms) = postSolution
		{890DEB73-A065-428B-84AB-7961CFCDF410}.Debug|Any CPU.ActiveCfg = Debug|Any CPU
		{890DEB73-A065-428B-84AB-7961CFCDF410}.Debug|Any CPU.Build.0 = Debug|Any CPU
		{890DEB73-A065-428B-84AB-7961CFCDF410}.Release|Any CPU.ActiveCfg = Release|Any CPU
		{890DEB73-A065-428B-84AB-7961CFCDF410}.Release|Any CPU.Build.0 = Release|Any CPU
	EndGlobalSection
	GlobalSection(SolutionProperties) = preSolution
		HideSolutionNode = FALSE
	EndGlobalSection
	GlobalSection(ExtensibilityGlobals) = postSolution
		SolutionGuid = {0C513A2F-2ECE-48E4-9A65-9319D9E48DEE}
	EndGlobalSection
EndGlobal
